
Microsoft Visual Studio Solution File, Format Version 12.00
# Visual Studio Version 17
VisualStudioVersion = 17.14.36603.0 d17.14
MinimumVisualStudioVersion = 10.0.40219.1
Project("{FAE04EC0-301F-11D3-BF4B-00C04F79EFBC}") = "gaganvirAssignment3", "gaganvirAssignment3\gaganvirAssignment3.csproj", "{E7F446D0-168D-4838-ACEF-42437682CFA5}"
EndProject
Global
	GlobalSection(SolutionConfigurationPlatforms) = preSolution
		Debug|Any CPU = Debug|Any CPU
		Release|Any CPU = Release|Any CPU
	EndGlobalSection
	GlobalSection(ProjectConfigurationPlatforms) = postSolution
		{E7F446D0-168D-4838-ACEF-42437682CFA5}.Debug|Any CPU.ActiveCfg = Debug|Any CPU
		{E7F446D0-168D-4838-ACEF-42437682CFA5}.Debug|Any CPU.Build.0 = Debug|Any CPU
		{E7F446D0-168D-4838-ACEF-42437682CFA5}.Release|Any CPU.ActiveCfg = Release|Any CPU
		{E7F446D0-168D-4838-ACEF-42437682CFA5}.Release|Any CPU.Build.0 = Release|Any CPU
	EndGlobalSection
	GlobalSection(SolutionProperties) = preSolution
		HideSolutionNode = FALSE
	EndGlobalSection
	GlobalSection(ExtensibilityGlobals) = postSolution
		SolutionGuid = {857E6942-532C-4AC0-891C-31404FAB6E4A}
	EndGlobalSection
EndGlobal
